// !$*UTF8*$!
{
	archiveVersion = 1;
	classes = {
	};
	objectVersion = 46;
	objects = {

/* Begin PBXBuildFile section */
		039A9012DF6A3E53B403F2D7 /* include_juce_events.mm */ = {isa = PBXBuildFile; fileRef = B0D4926B82261B489D9E4EA6; };
		090D22CE6AB8FB04BF9B9976 /* RecentFilesMenuTemplate.nib */ = {isa = PBXBuildFile; fileRef = 831472CA7BCE65466221DBD7; };
		0DD0B560C9183AF356F039F7 /* Cocoa.framework */ = {isa = PBXBuildFile; fileRef = D1B14A4193E8589313F34D10; };
		415188C67713B08F5C74F13F /* MainComponent.cpp */ = {isa = PBXBuildFile; fileRef = 4D173DEAAAF082D49BADFCE2; };
		7515F68DC92064D9CBBF58ED /* App */ = {isa = PBXBuildFile; fileRef = 5EAB2FF8EA075992DE696368; };
		7BB2B1F10A78BC1F5FE4BB27 /* Main.cpp */ = {isa = PBXBuildFile; fileRef = C6A7279CA2B0D79C9FD8BB0E; };
		B9914F429725D150888C4E49 /* include_juce_data_structures.mm */ = {isa = PBXBuildFile; fileRef = F3B131BFD69AB9CF082F1251; };
		D7D934E35981AF0479ABA6B6 /* IOKit.framework */ = {isa = PBXBuildFile; fileRef = 783CFE3990E52984A3517DB9; };
		DA4B24D262EBAA97B04484C4 /* include_juce_core.mm */ = {isa = PBXBuildFile; fileRef = 6039CC4FDC0D51558C6E2644; };
		E411CABF17BA8A1EFA94C3B8 /* include_juce_graphics.mm */ = {isa = PBXBuildFile; fileRef = 92F356663B9B06CA529C7E39; };
		E764ECE5A343CE1ECF59FB9C /* Foundation.framework */ = {isa = PBXBuildFile; fileRef = 2692BD66B2C9C6F6450996A1; };
		F152E94A849D2BA40DD1E37D /* QuartzCore.framework */ = {isa = PBXBuildFile; fileRef = 0A95CE0E114ABCB679B68693; };
		FBC316ACC94C552541CFD100 /* include_juce_gui_basics.mm */ = {isa = PBXBuildFile; fileRef = 4C333F7BBBEA514D579767E9; };
/* End PBXBuildFile section */

/* Begin PBXFileReference section */
		0A95CE0E114ABCB679B68693 /* QuartzCore.framework */ /* QuartzCore.framework */ = {isa = PBXFileReference; lastKnownFileType = wrapper.framework; name = QuartzCore.framework; path = System/Library/Frameworks/QuartzCore.framework; sourceTree = SDKROOT; };
		2692BD66B2C9C6F6450996A1 /* Foundation.framework */ /* Foundation.framework */ = {isa = PBXFileReference; lastKnownFileType = wrapper.framework; name = Foundation.framework; path = System/Library/Frameworks/Foundation.framework; sourceTree = SDKROOT; };
		26C5C0ED10D04328644517A7 /* juce_gui_basics */ /* juce_gui_basics */ = {isa = PBXFileReference; lastKnownFileType = folder; name = juce_gui_basics; path = /Users/cheng/Documents/JUCE/modules/juce_gui_basics; sourceTree = "<absolute>"; };
		2B487918176DE84797B18CBF /* juce_core */ /* juce_core */ = {isa = PBXFileReference; lastKnownFileType = folder; name = juce_core; path = /Users/cheng/Documents/JUCE/modules/juce_core; sourceTree = "<absolute>"; };
		3541F8F6B3C657FF3B5ABCC3 /* juce_graphics */ /* juce_graphics */ = {isa = PBXFileReference; lastKnownFileType = folder; name = juce_graphics; path = /Users/cheng/Documents/JUCE/modules/juce_graphics; sourceTree = "<absolute>"; };
		3F3241E1949BDA3B5A057DFE /* MainComponent.h */ /* MainComponent.h */ = {isa = PBXFileReference; lastKnownFileType = sourcecode.c.h; name = MainComponent.h; path = ../../Source/MainComponent.h; sourceTree = SOURCE_ROOT; };
		4C333F7BBBEA514D579767E9 /* include_juce_gui_basics.mm */ /* include_juce_gui_basics.mm */ = {isa = PBXFileReference; lastKnownFileType = sourcecode.cpp.objcpp; name = include_juce_gui_basics.mm; path = ../../JuceLibraryCode/include_juce_gui_basics.mm; sourceTree = SOURCE_ROOT; };
		4D173DEAAAF082D49BADFCE2 /* MainComponent.cpp */ /* MainComponent.cpp */ = {isa = PBXFileReference; lastKnownFileType = sourcecode.cpp.cpp; name = MainComponent.cpp; path = ../../Source/MainComponent.cpp; sourceTree = SOURCE_ROOT; };
		5EAB2FF8EA075992DE696368 /* App */ = {isa = PBXFileReference; explicitFileType = wrapper.application; includeInIndex = 0; path = "Week 2 GUI.app"; sourceTree = BUILT_PRODUCTS_DIR; };
		6039CC4FDC0D51558C6E2644 /* include_juce_core.mm */ /* include_juce_core.mm */ = {isa = PBXFileReference; lastKnownFileType = sourcecode.cpp.objcpp; name = include_juce_core.mm; path = ../../JuceLibraryCode/include_juce_core.mm; sourceTree = SOURCE_ROOT; };
		6429335DD19F5878E41B795C /* Info-App.plist */ /* Info-App.plist */ = {isa = PBXFileReference; lastKnownFileType = text.plist.xml; name = "Info-App.plist"; path = "Info-App.plist"; sourceTree = SOURCE_ROOT; };
		783CFE3990E52984A3517DB9 /* IOKit.framework */ /* IOKit.framework */ = {isa = PBXFileReference; lastKnownFileType = wrapper.framework; name = IOKit.framework; path = System/Library/Frameworks/IOKit.framework; sourceTree = SDKROOT; };
		831472CA7BCE65466221DBD7 /* RecentFilesMenuTemplate.nib */ /* RecentFilesMenuTemplate.nib */ = {isa = PBXFileReference; lastKnownFileType = file.nib; name = RecentFilesMenuTemplate.nib; path = RecentFilesMenuTemplate.nib; sourceTree = SOURCE_ROOT; };
		92F356663B9B06CA529C7E39 /* include_juce_graphics.mm */ /* include_juce_graphics.mm */ = {isa = PBXFileReference; lastKnownFileType = sourcecode.cpp.objcpp; name = include_juce_graphics.mm; path = ../../JuceLibraryCode/include_juce_graphics.mm; sourceTree = SOURCE_ROOT; };
		B0D4926B82261B489D9E4EA6 /* include_juce_events.mm */ /* include_juce_events.mm */ = {isa = PBXFileReference; lastKnownFileType = sourcecode.cpp.objcpp; name = include_juce_events.mm; path = ../../JuceLibraryCode/include_juce_events.mm; sourceTree = SOURCE_ROOT; };
		C6A7279CA2B0D79C9FD8BB0E /* Main.cpp */ /* Main.cpp */ = {isa = PBXFileReference; lastKnownFileType = sourcecode.cpp.cpp; name = Main.cpp; path = ../../Source/Main.cpp; sourceTree = SOURCE_ROOT; };
		CF21D9A0FF0FD433167C0A7D /* JuceHeader.h */ /* JuceHeader.h */ = {isa = PBXFileReference; lastKnownFileType = sourcecode.c.h; name = JuceHeader.h; path = ../../JuceLibraryCode/JuceHeader.h; sourceTree = SOURCE_ROOT; };
		D1B14A4193E8589313F34D10 /* Cocoa.framework */ /* Cocoa.framework */ = {isa = PBXFileReference; lastKnownFileType = wrapper.framework; name = Cocoa.framework; path = System/Library/Frameworks/Cocoa.framework; sourceTree = SDKROOT; };
		F3B131BFD69AB9CF082F1251 /* include_juce_data_structures.mm */ /* include_juce_data_structures.mm */ = {isa = PBXFileReference; lastKnownFileType = sourcecode.cpp.objcpp; name = include_juce_data_structures.mm; path = ../../JuceLibraryCode/include_juce_data_structures.mm; sourceTree = SOURCE_ROOT; };
		F4E841002538CA7175B8376D /* juce_events */ /* juce_events */ = {isa = PBXFileReference; lastKnownFileType = folder; name = juce_events; path = /Users/cheng/Documents/JUCE/modules/juce_events; sourceTree = "<absolute>"; };
		FF605B482BF965EF26C0A536 /* juce_data_structures */ /* juce_data_structures */ = {isa = PBXFileReference; lastKnownFileType = folder; name = juce_data_structures; path = /Users/cheng/Documents/JUCE/modules/juce_data_structures; sourceTree = "<absolute>"; };
/* End PBXFileReference section */

/* Begin PBXFrameworksBuildPhase section */
		3CCC8C791628A2AC6634CBB4 = {
			isa = PBXFrameworksBuildPhase;
			buildActionMask = 2147483647;
			files = (
				0DD0B560C9183AF356F039F7,
				E764ECE5A343CE1ECF59FB9C,
				D7D934E35981AF0479ABA6B6,
				F152E94A849D2BA40DD1E37D,
			);
			runOnlyForDeploymentPostprocessing = 0;
		};
/* End PBXFrameworksBuildPhase section */

/* Begin PBXGroup section */
		16E85555F7D7BEF741608A3E /* Week 2 GUI */ = {
			isa = PBXGroup;
			children = (
				8701921CCC7B242D694727F3,
			);
			name = "Week 2 GUI";
			sourceTree = "<group>";
		};
		23CCD08ECA4A7B84CC180B7E /* Resources */ = {
			isa = PBXGroup;
			children = (
				6429335DD19F5878E41B795C,
				831472CA7BCE65466221DBD7,
			);
			name = Resources;
			sourceTree = "<group>";
		};
		4B022BA5830210140E99F4D6 /* Products */ = {
			isa = PBXGroup;
			children = (
				5EAB2FF8EA075992DE696368,
			);
			name = Products;
			sourceTree = "<group>";
		};
		8701921CCC7B242D694727F3 /* Source */ = {
			isa = PBXGroup;
			children = (
				C6A7279CA2B0D79C9FD8BB0E,
				3F3241E1949BDA3B5A057DFE,
				4D173DEAAAF082D49BADFCE2,
			);
			name = Source;
			sourceTree = "<group>";
		};
		A4A669F8A861C4E9BA873F7E /* Frameworks */ = {
			isa = PBXGroup;
			children = (
				D1B14A4193E8589313F34D10,
				2692BD66B2C9C6F6450996A1,
				783CFE3990E52984A3517DB9,
				0A95CE0E114ABCB679B68693,
			);
			name = Frameworks;
			sourceTree = "<group>";
		};
		B54163D838F18FB3B96A123E /* JUCE Modules */ = {
			isa = PBXGroup;
			children = (
				2B487918176DE84797B18CBF,
				FF605B482BF965EF26C0A536,
				F4E841002538CA7175B8376D,
				3541F8F6B3C657FF3B5ABCC3,
				26C5C0ED10D04328644517A7,
			);
			name = "JUCE Modules";
			sourceTree = "<group>";
		};
		D81B0A477789D6C951E331F3 /* JUCE Library Code */ = {
			isa = PBXGroup;
			children = (
				6039CC4FDC0D51558C6E2644,
				F3B131BFD69AB9CF082F1251,
				B0D4926B82261B489D9E4EA6,
				92F356663B9B06CA529C7E39,
				4C333F7BBBEA514D579767E9,
				CF21D9A0FF0FD433167C0A7D,
			);
			name = "JUCE Library Code";
			sourceTree = "<group>";
		};
		DF4CFB7C3525BC1E8FB5CEEB /* Source */ = {
			isa = PBXGroup;
			children = (
				16E85555F7D7BEF741608A3E,
				B54163D838F18FB3B96A123E,
				D81B0A477789D6C951E331F3,
				23CCD08ECA4A7B84CC180B7E,
				A4A669F8A861C4E9BA873F7E,
				4B022BA5830210140E99F4D6,
			);
			name = Source;
			sourceTree = "<group>";
		};
/* End PBXGroup section */

/* Begin PBXNativeTarget section */
		8932464E72F56AA86FC01C7D /* Week 2 GUI - App */ = {
			isa = PBXNativeTarget;
			buildConfigurationList = 13B0F403FA68985FABBD3E20;
			buildPhases = (
				4988AA49C7538CE51514AC57,
				0D49E3ED9B93A4276EF720E2,
				3CCC8C791628A2AC6634CBB4,
			);
			buildRules = (
			);
			dependencies = (
			);
			name = "Week 2 GUI - App";
			productName = "Week 2 GUI";
			productReference = 5EAB2FF8EA075992DE696368;
			productType = "com.apple.product-type.application";
		};
/* End PBXNativeTarget section */

/* Begin PBXProject section */
		EEA182D0C026A5E4D860950E = {
			isa = PBXProject;
			attributes = {
				LastUpgradeCheck = 1340;
				ORGANIZATIONNAME = "";
				TargetAttributes = {
					8932464E72F56AA86FC01C7D = {
						SystemCapabilities = {
							com.apple.ApplicationGroups.iOS = {
								enabled = 0;
							};
							com.apple.HardenedRuntime = {
								enabled = 0;
							};
							com.apple.InAppPurchase = {
								enabled = 0;
							};
							com.apple.InterAppAudio = {
								enabled = 0;
							};
							com.apple.Push = {
								enabled = 0;
							};
							com.apple.Sandbox = {
								enabled = 0;
							};
						};
					};
				};
			};
			buildConfigurationList = AAFB66EB611A0BB0EE5305BB;
			compatibilityVersion = "Xcode 3.2";
			hasScannedForEncodings = 0;
			knownRegions = (
				en,
				Base,
			);
			mainGroup = DF4CFB7C3525BC1E8FB5CEEB;
			projectDirPath = "";
			projectRoot = "";
			targets = (
				8932464E72F56AA86FC01C7D,
			);
		};
/* End PBXProject section */

/* Begin PBXResourcesBuildPhase section */
		4988AA49C7538CE51514AC57 = {
			isa = PBXResourcesBuildPhase;
			buildActionMask = 2147483647;
			files = (
				090D22CE6AB8FB04BF9B9976,
			);
			runOnlyForDeploymentPostprocessing = 0;
		};
/* End PBXResourcesBuildPhase section */

/* Begin PBXSourcesBuildPhase section */
		0D49E3ED9B93A4276EF720E2 = {
			isa = PBXSourcesBuildPhase;
			buildActionMask = 2147483647;
			files = (
				7BB2B1F10A78BC1F5FE4BB27,
				415188C67713B08F5C74F13F,
				DA4B24D262EBAA97B04484C4,
				B9914F429725D150888C4E49,
				039A9012DF6A3E53B403F2D7,
				E411CABF17BA8A1EFA94C3B8,
				FBC316ACC94C552541CFD100,
			);
			runOnlyForDeploymentPostprocessing = 0;
		};
/* End PBXSourcesBuildPhase section */

/* Begin XCBuildConfiguration section */
		2BB08C0FF735D703FAD4537E /* Debug */ = {
			isa = XCBuildConfiguration;
			buildSettings = {
				CLANG_CXX_LANGUAGE_STANDARD = "c++17";
				CLANG_CXX_LIBRARY = "libc++";
				CLANG_LINK_OBJC_RUNTIME = NO;
				COMBINE_HIDPI_IMAGES = YES;
				CONFIGURATION_BUILD_DIR = "$(PROJECT_DIR)/build/$(CONFIGURATION)";
				COPY_PHASE_STRIP = NO;
				EXCLUDED_ARCHS = "";
				GCC_DYNAMIC_NO_PIC = NO;
				GCC_OPTIMIZATION_LEVEL = 0;
				GCC_PREPROCESSOR_DEFINITIONS = (
					"_DEBUG=1",
					"DEBUG=1",
					"JUCE_DISPLAY_SPLASH_SCREEN=1",
					"JUCE_USE_DARK_SPLASH_SCREEN=1",
					"JUCE_PROJUCER_VERSION=0x70005",
					"JUCE_MODULE_AVAILABLE_juce_core=1",
					"JUCE_MODULE_AVAILABLE_juce_data_structures=1",
					"JUCE_MODULE_AVAILABLE_juce_events=1",
					"JUCE_MODULE_AVAILABLE_juce_graphics=1",
					"JUCE_MODULE_AVAILABLE_juce_gui_basics=1",
					"JUCE_GLOBAL_MODULE_SETTINGS_INCLUDED=1",
					"JUCE_STRICT_REFCOUNTEDPOINTER=1",
					"JUCE_STANDALONE_APPLICATION=1",
					"JUCER_XCODE_MAC_F6D2F4CF=1",
					"JUCE_APP_VERSION=1.0.0",
					"JUCE_APP_VERSION_HEX=0x10000",
					"JucePlugin_Build_VST=0",
					"JucePlugin_Build_VST3=0",
					"JucePlugin_Build_AU=0",
					"JucePlugin_Build_AUv3=0",
					"JucePlugin_Build_AAX=0",
					"JucePlugin_Build_Standalone=0",
					"JucePlugin_Build_Unity=0",
					"JucePlugin_Build_LV2=0",
				);
				GCC_VERSION = com.apple.compilers.llvm.clang.1_0;
				HEADER_SEARCH_PATHS = (
					"$(SRCROOT)/../../JuceLibraryCode",
					"/Users/cheng/Documents/JUCE/modules",
					"$(inherited)",
				);
				INFOPLIST_FILE = Info-App.plist;
				INFOPLIST_PREPROCESS = NO;
				INSTALL_PATH = "$(HOME)/Applications";
				MACOSX_DEPLOYMENT_TARGET = 10.13;
				MTL_HEADER_SEARCH_PATHS = "$(SRCROOT)/../../JuceLibraryCode /Users/cheng/Documents/JUCE/modules";
				OTHER_LDFLAGS = "-weak_framework Metal -weak_framework MetalKit";
				PRODUCT_BUNDLE_IDENTIFIER = com.yourcompany.Week2GUI;
				PRODUCT_NAME = "Week 2 GUI";
				USE_HEADERMAP = NO;
				VALID_ARCHS = "i386 x86_64 arm64 arm64e";
			};
			name = Debug;
		};
		2E12400C59ABD57847A3470F /* Debug */ = {
			isa = XCBuildConfiguration;
			buildSettings = {
				ALWAYS_SEARCH_USER_PATHS = NO;
				CLANG_ENABLE_OBJC_WEAK = YES;
				CLANG_WARN_BLOCK_CAPTURE_AUTORELEASING = YES;
				CLANG_WARN_BOOL_CONVERSION = YES;
				CLANG_WARN_COMMA = YES;
				CLANG_WARN_CONSTANT_CONVERSION = YES;
				CLANG_WARN_DEPRECATED_OBJC_IMPLEMENTATIONS = YES;
				CLANG_WARN_EMPTY_BODY = YES;
				CLANG_WARN_ENUM_CONVERSION = YES;
				CLANG_WARN_INFINITE_RECURSION = YES;
				CLANG_WARN_INT_CONVERSION = YES;
				CLANG_WARN_NON_LITERAL_NULL_CONVERSION = YES;
				CLANG_WARN_OBJC_IMPLICIT_RETAIN_SELF = YES;
				CLANG_WARN_OBJC_LITERAL_CONVERSION = YES;
				CLANG_WARN_RANGE_LOOP_ANALYSIS = YES;
				CLANG_WARN_STRICT_PROTOTYPES = YES;
				CLANG_WARN_SUSPICIOUS_MOVE = YES;
				CLANG_WARN_UNREACHABLE_CODE = YES;
				CLANG_WARN__DUPLICATE_METHOD_MATCH = YES;
				DEBUG_INFORMATION_FORMAT = dwarf;
				ENABLE_STRICT_OBJC_MSGSEND = YES;
				ENABLE_TESTABILITY = NO;
				GCC_C_LANGUAGE_STANDARD = c11;
				GCC_INLINES_ARE_PRIVATE_EXTERN = YES;
				GCC_MODEL_TUNING = G5;
				GCC_NO_COMMON_BLOCKS = YES;
				GCC_SYMBOLS_PRIVATE_EXTERN = YES;
				GCC_WARN_64_TO_32_BIT_CONVERSION = YES;
				GCC_WARN_ABOUT_RETURN_TYPE = YES;
				GCC_WARN_CHECK_SWITCH_STATEMENTS = YES;
				GCC_WARN_MISSING_PARENTHESES = YES;
				GCC_WARN_NON_VIRTUAL_DESTRUCTOR = YES;
				GCC_WARN_TYPECHECK_CALLS_TO_PRINTF = YES;
				GCC_WARN_UNDECLARED_SELECTOR = YES;
				GCC_WARN_UNINITIALIZED_AUTOS = YES;
				GCC_WARN_UNUSED_FUNCTION = YES;
				GCC_WARN_UNUSED_VARIABLE = YES;
				ONLY_ACTIVE_ARCH = YES;
				PRODUCT_NAME = "Week 2 GUI";
				SDKROOT = macosx;
				WARNING_CFLAGS = "-Wreorder";
				ZERO_LINK = NO;
			};
			name = Debug;
		};
		4A524650E463E4115209518D /* Release */ = {
			isa = XCBuildConfiguration;
			buildSettings = {
				ALWAYS_SEARCH_USER_PATHS = NO;
				CLANG_ENABLE_OBJC_WEAK = YES;
				CLANG_WARN_BLOCK_CAPTURE_AUTORELEASING = YES;
				CLANG_WARN_BOOL_CONVERSION = YES;
				CLANG_WARN_COMMA = YES;
				CLANG_WARN_CONSTANT_CONVERSION = YES;
				CLANG_WARN_DEPRECATED_OBJC_IMPLEMENTATIONS = YES;
				CLANG_WARN_EMPTY_BODY = YES;
				CLANG_WARN_ENUM_CONVERSION = YES;
				CLANG_WARN_INFINITE_RECURSION = YES;
				CLANG_WARN_INT_CONVERSION = YES;
				CLANG_WARN_NON_LITERAL_NULL_CONVERSION = YES;
				CLANG_WARN_OBJC_IMPLICIT_RETAIN_SELF = YES;
				CLANG_WARN_OBJC_LITERAL_CONVERSION = YES;
				CLANG_WARN_RANGE_LOOP_ANALYSIS = YES;
				CLANG_WARN_STRICT_PROTOTYPES = YES;
				CLANG_WARN_SUSPICIOUS_MOVE = YES;
				CLANG_WARN_UNREACHABLE_CODE = YES;
				CLANG_WARN__DUPLICATE_METHOD_MATCH = YES;
				DEBUG_INFORMATION_FORMAT = dwarf;
				ENABLE_STRICT_OBJC_MSGSEND = YES;
				ENABLE_TESTABILITY = NO;
				GCC_C_LANGUAGE_STANDARD = c11;
				GCC_INLINES_ARE_PRIVATE_EXTERN = YES;
				GCC_MODEL_TUNING = G5;
				GCC_NO_COMMON_BLOCKS = YES;
				GCC_SYMBOLS_PRIVATE_EXTERN = YES;
				GCC_WARN_64_TO_32_BIT_CONVERSION = YES;
				GCC_WARN_ABOUT_RETURN_TYPE = YES;
				GCC_WARN_CHECK_SWITCH_STATEMENTS = YES;
				GCC_WARN_MISSING_PARENTHESES = YES;
				GCC_WARN_NON_VIRTUAL_DESTRUCTOR = YES;
				GCC_WARN_TYPECHECK_CALLS_TO_PRINTF = YES;
				GCC_WARN_UNDECLARED_SELECTOR = YES;
				GCC_WARN_UNINITIALIZED_AUTOS = YES;
				GCC_WARN_UNUSED_FUNCTION = YES;
				GCC_WARN_UNUSED_VARIABLE = YES;
				PRODUCT_NAME = "Week 2 GUI";
				SDKROOT = macosx;
				WARNING_CFLAGS = "-Wreorder";
				ZERO_LINK = NO;
			};
			name = Release;
		};
		6770F14B60D998BEA5B374CE /* Release */ = {
			isa = XCBuildConfiguration;
			buildSettings = {
				CLANG_CXX_LANGUAGE_STANDARD = "c++17";
				CLANG_CXX_LIBRARY = "libc++";
				CLANG_LINK_OBJC_RUNTIME = NO;
				COMBINE_HIDPI_IMAGES = YES;
				CONFIGURATION_BUILD_DIR = "$(PROJECT_DIR)/build/$(CONFIGURATION)";
				DEAD_CODE_STRIPPING = YES;
				EXCLUDED_ARCHS = "";
				GCC_GENERATE_DEBUGGING_SYMBOLS = NO;
				GCC_OPTIMIZATION_LEVEL = 3;
				GCC_PREPROCESSOR_DEFINITIONS = (
					"_NDEBUG=1",
					"NDEBUG=1",
					"JUCE_DISPLAY_SPLASH_SCREEN=1",
					"JUCE_USE_DARK_SPLASH_SCREEN=1",
					"JUCE_PROJUCER_VERSION=0x70005",
					"JUCE_MODULE_AVAILABLE_juce_core=1",
					"JUCE_MODULE_AVAILABLE_juce_data_structures=1",
					"JUCE_MODULE_AVAILABLE_juce_events=1",
					"JUCE_MODULE_AVAILABLE_juce_graphics=1",
					"JUCE_MODULE_AVAILABLE_juce_gui_basics=1",
					"JUCE_GLOBAL_MODULE_SETTINGS_INCLUDED=1",
					"JUCE_STRICT_REFCOUNTEDPOINTER=1",
					"JUCE_STANDALONE_APPLICATION=1",
					"JUCER_XCODE_MAC_F6D2F4CF=1",
					"JUCE_APP_VERSION=1.0.0",
					"JUCE_APP_VERSION_HEX=0x10000",
					"JucePlugin_Build_VST=0",
					"JucePlugin_Build_VST3=0",
					"JucePlugin_Build_AU=0",
					"JucePlugin_Build_AUv3=0",
					"JucePlugin_Build_AAX=0",
					"JucePlugin_Build_Standalone=0",
					"JucePlugin_Build_Unity=0",
					"JucePlugin_Build_LV2=0",
				);
				GCC_VERSION = com.apple.compilers.llvm.clang.1_0;
				HEADER_SEARCH_PATHS = (
					"$(SRCROOT)/../../JuceLibraryCode",
					"/Users/cheng/Documents/JUCE/modules",
					"$(inherited)",
				);
				INFOPLIST_FILE = Info-App.plist;
				INFOPLIST_PREPROCESS = NO;
				INSTALL_PATH = "$(HOME)/Applications";
				LLVM_LTO = YES;
				MACOSX_DEPLOYMENT_TARGET = 10.13;
				MTL_HEADER_SEARCH_PATHS = "$(SRCROOT)/../../JuceLibraryCode /Users/cheng/Documents/JUCE/modules";
				OTHER_LDFLAGS = "-weak_framework Metal -weak_framework MetalKit";
				PRODUCT_BUNDLE_IDENTIFIER = com.yourcompany.Week2GUI;
				PRODUCT_NAME = "Week 2 GUI";
				USE_HEADERMAP = NO;
				VALID_ARCHS = "i386 x86_64 arm64 arm64e";
			};
			name = Release;
		};
/* End XCBuildConfiguration section */

/* Begin XCConfigurationList section */
		13B0F403FA68985FABBD3E20 = {
			isa = XCConfigurationList;
			buildConfigurations = (
				2BB08C0FF735D703FAD4537E,
				6770F14B60D998BEA5B374CE,
			);
			defaultConfigurationIsVisible = 0;
			defaultConfigurationName = Debug;
		};
		AAFB66EB611A0BB0EE5305BB = {
			isa = XCConfigurationList;
			buildConfigurations = (
				2E12400C59ABD57847A3470F,
				4A524650E463E4115209518D,
			);
			defaultConfigurationIsVisible = 0;
			defaultConfigurationName = Debug;
		};
/* End XCConfigurationList section */
	};
	rootObject = EEA182D0C026A5E4D860950E /* Project object */;
}
